
Microsoft Visual Studio Solution File, Format Version 12.00
# Visual Studio 15
VisualStudioVersion = 15.0.28010.2050
MinimumVisualStudioVersion = 10.0.40219.1
Project("{8BC9CEB8-8B4A-11D0-8D11-00A0C91BC942}") = "StudentCpp", "StudentCpp\StudentCpp.vcxproj", "{8066283C-E07A-43AD-A6DB-D28578E13C66}"
EndProject
Global
	GlobalSection(SolutionConfigurationPlatforms) = preSolution
		Debug|x64 = Debug|x64
		Debug|x86 = Debug|x86
		Release|x64 = Release|x64
		Release|x86 = Release|x86
	EndGlobalSection
	GlobalSection(ProjectConfigurationPlatforms) = postSolution
		{8066283C-E07A-43AD-A6DB-D28578E13C66}.Debug|x64.ActiveCfg = Debug|x64
		{8066283C-E07A-43AD-A6DB-D28578E13C66}.Debug|x64.Build.0 = Debug|x64
		{8066283C-E07A-43AD-A6DB-D28578E13C66}.Debug|x86.ActiveCfg = Debug|Win32
		{8066283C-E07A-43AD-A6DB-D28578E13C66}.Debug|x86.Build.0 = Debug|Win32
		{8066283C-E07A-43AD-A6DB-D28578E13C66}.Release|x64.ActiveCfg = Release|x64
		{8066283C-E07A-43AD-A6DB-D28578E13C66}.Release|x64.Build.0 = Release|x64
		{8066283C-E07A-43AD-A6DB-D28578E13C66}.Release|x86.ActiveCfg = Release|Win32
		{8066283C-E07A-43AD-A6DB-D28578E13C66}.Release|x86.Build.0 = Release|Win32
	EndGlobalSection
	GlobalSection(SolutionProperties) = preSolution
		HideSolutionNode = FALSE
	EndGlobalSection
	GlobalSection(ExtensibilityGlobals) = postSolution
		SolutionGuid = {F46B6B0A-BD38-4B89-B7FD-4E93969FF583}
	EndGlobalSection
EndGlobal
